github.com/avast/retry-go v2.6.0+incompatible h1:FelcMrm7Bxacr1/RM8+/eqkDkmVN7tjlsy51dOzB3LI=
github.com/avast/retry-go v2.6.0+incompatible/go.mod h1:XtSnn+n/sHqQIpZ10K1qAevBhOOCWBLXXy3hyiqqBrY=
github.com/lib/pq v1.8.0 h1:9xohqzkUwzR4Ga4ivdTcawVS89YSDVxXMa3xJX3cGzg=
github.com/lib/pq v1.8.0/go.mod h1:AlVN5x4E4T544tWzH6hKfbfQvm3HdbOxrmggDNAPY9o=
